
Microsoft Visual Studio Solution File, Format Version 12.00
# Visual Studio 14
VisualStudioVersion = 14.0.23107.0
MinimumVisualStudioVersion = 10.0.40219.1
Project("{FAE04EC0-301F-11D3-BF4B-00C04F79EFBC}") = "MariaDB.Data", "Source\MariaDB.Data\MariaDB.Data.csproj", "{E9DF5ED1-4CBD-4226-B931-9A51610AC14D}"
EndProject
Project("{FAE04EC0-301F-11D3-BF4B-00C04F79EFBC}") = "MariaDB.Web", "Source\MariaDB.Web\MariaDB.Web.csproj", "{C28B1166-1380-445D-AEC1-8A18B990DD18}"
EndProject
Project("{FAE04EC0-301F-11D3-BF4B-00C04F79EFBC}") = "MariaDB.Data.Entity", "Source\MariaDB.Data.Entity\MariaDB.Data.Entity.csproj", "{EDED3135-95D2-4BCE-A810-F3F2AD7935B7}"
EndProject
Global
	GlobalSection(SolutionConfigurationPlatforms) = preSolution
		Debug|Any CPU = Debug|Any CPU
		Debug|Mixed Platforms = Debug|Mixed Platforms
		Debug|x64 = Debug|x64
		Debug|x86 = Debug|x86
		Release|Any CPU = Release|Any CPU
		Release|Mixed Platforms = Release|Mixed Platforms
		Release|x64 = Release|x64
		Release|x86 = Release|x86
	EndGlobalSection
	GlobalSection(ProjectConfigurationPlatforms) = postSolution
		{E9DF5ED1-4CBD-4226-B931-9A51610AC14D}.Debug|Any CPU.ActiveCfg = Debug|Any CPU
		{E9DF5ED1-4CBD-4226-B931-9A51610AC14D}.Debug|Any CPU.Build.0 = Debug|Any CPU
		{E9DF5ED1-4CBD-4226-B931-9A51610AC14D}.Debug|Mixed Platforms.ActiveCfg = Debug|Any CPU
		{E9DF5ED1-4CBD-4226-B931-9A51610AC14D}.Debug|Mixed Platforms.Build.0 = Debug|Any CPU
		{E9DF5ED1-4CBD-4226-B931-9A51610AC14D}.Debug|x64.ActiveCfg = Debug|Any CPU
		{E9DF5ED1-4CBD-4226-B931-9A51610AC14D}.Debug|x64.Build.0 = Debug|Any CPU
		{E9DF5ED1-4CBD-4226-B931-9A51610AC14D}.Debug|x86.ActiveCfg = Debug|Any CPU
		{E9DF5ED1-4CBD-4226-B931-9A51610AC14D}.Debug|x86.Build.0 = Debug|Any CPU
		{E9DF5ED1-4CBD-4226-B931-9A51610AC14D}.Release|Any CPU.ActiveCfg = Release|Any CPU
		{E9DF5ED1-4CBD-4226-B931-9A51610AC14D}.Release|Any CPU.Build.0 = Release|Any CPU
		{E9DF5ED1-4CBD-4226-B931-9A51610AC14D}.Release|Mixed Platforms.ActiveCfg = Release|Any CPU
		{E9DF5ED1-4CBD-4226-B931-9A51610AC14D}.Release|Mixed Platforms.Build.0 = Release|Any CPU
		{E9DF5ED1-4CBD-4226-B931-9A51610AC14D}.Release|x64.ActiveCfg = Release|Any CPU
		{E9DF5ED1-4CBD-4226-B931-9A51610AC14D}.Release|x64.Build.0 = Release|Any CPU
		{E9DF5ED1-4CBD-4226-B931-9A51610AC14D}.Release|x86.ActiveCfg = Release|Any CPU
		{E9DF5ED1-4CBD-4226-B931-9A51610AC14D}.Release|x86.Build.0 = Release|Any CPU
		{C28B1166-1380-445D-AEC1-8A18B990DD18}.Debug|Any CPU.ActiveCfg = Debug|Any CPU
		{C28B1166-1380-445D-AEC1-8A18B990DD18}.Debug|Any CPU.Build.0 = Debug|Any CPU
		{C28B1166-1380-445D-AEC1-8A18B990DD18}.Debug|Mixed Platforms.ActiveCfg = Debug|Any CPU
		{C28B1166-1380-445D-AEC1-8A18B990DD18}.Debug|Mixed Platforms.Build.0 = Debug|Any CPU
		{C28B1166-1380-445D-AEC1-8A18B990DD18}.Debug|x64.ActiveCfg = Debug|Any CPU
		{C28B1166-1380-445D-AEC1-8A18B990DD18}.Debug|x64.Build.0 = Debug|Any CPU
		{C28B1166-1380-445D-AEC1-8A18B990DD18}.Debug|x86.ActiveCfg = Debug|Any CPU
		{C28B1166-1380-445D-AEC1-8A18B990DD18}.Debug|x86.Build.0 = Debug|Any CPU
		{C28B1166-1380-445D-AEC1-8A18B990DD18}.Release|Any CPU.ActiveCfg = Release|Any CPU
		{C28B1166-1380-445D-AEC1-8A18B990DD18}.Release|Any CPU.Build.0 = Release|Any CPU
		{C28B1166-1380-445D-AEC1-8A18B990DD18}.Release|Mixed Platforms.ActiveCfg = Release|Any CPU
		{C28B1166-1380-445D-AEC1-8A18B990DD18}.Release|Mixed Platforms.Build.0 = Release|Any CPU
		{C28B1166-1380-445D-AEC1-8A18B990DD18}.Release|x64.ActiveCfg = Release|Any CPU
		{C28B1166-1380-445D-AEC1-8A18B990DD18}.Release|x64.Build.0 = Release|Any CPU
		{C28B1166-1380-445D-AEC1-8A18B990DD18}.Release|x86.ActiveCfg = Release|Any CPU
		{C28B1166-1380-445D-AEC1-8A18B990DD18}.Release|x86.Build.0 = Release|Any CPU
		{EDED3135-95D2-4BCE-A810-F3F2AD7935B7}.Debug|Any CPU.ActiveCfg = Debug|Any CPU
		{EDED3135-95D2-4BCE-A810-F3F2AD7935B7}.Debug|Any CPU.Build.0 = Debug|Any CPU
		{EDED3135-95D2-4BCE-A810-F3F2AD7935B7}.Debug|Mixed Platforms.ActiveCfg = Debug|Any CPU
		{EDED3135-95D2-4BCE-A810-F3F2AD7935B7}.Debug|Mixed Platforms.Build.0 = Debug|Any CPU
		{EDED3135-95D2-4BCE-A810-F3F2AD7935B7}.Debug|x64.ActiveCfg = Debug|Any CPU
		{EDED3135-95D2-4BCE-A810-F3F2AD7935B7}.Debug|x64.Build.0 = Debug|Any CPU
		{EDED3135-95D2-4BCE-A810-F3F2AD7935B7}.Debug|x86.ActiveCfg = Debug|Any CPU
		{EDED3135-95D2-4BCE-A810-F3F2AD7935B7}.Debug|x86.Build.0 = Debug|Any CPU
		{EDED3135-95D2-4BCE-A810-F3F2AD7935B7}.Release|Any CPU.ActiveCfg = Release|Any CPU
		{EDED3135-95D2-4BCE-A810-F3F2AD7935B7}.Release|Any CPU.Build.0 = Release|Any CPU
		{EDED3135-95D2-4BCE-A810-F3F2AD7935B7}.Release|Mixed Platforms.ActiveCfg = Release|Any CPU
		{EDED3135-95D2-4BCE-A810-F3F2AD7935B7}.Release|Mixed Platforms.Build.0 = Release|Any CPU
		{EDED3135-95D2-4BCE-A810-F3F2AD7935B7}.Release|x64.ActiveCfg = Release|Any CPU
		{EDED3135-95D2-4BCE-A810-F3F2AD7935B7}.Release|x64.Build.0 = Release|Any CPU
		{EDED3135-95D2-4BCE-A810-F3F2AD7935B7}.Release|x86.ActiveCfg = Release|Any CPU
		{EDED3135-95D2-4BCE-A810-F3F2AD7935B7}.Release|x86.Build.0 = Release|Any CPU
	EndGlobalSection
	GlobalSection(SolutionProperties) = preSolution
		HideSolutionNode = FALSE
	EndGlobalSection
EndGlobal
